// !$*UTF8*$!
{
	archiveVersion = 1;
	classes = {
	};
	objectVersion = 50;
	objects = {

/* Begin PBXBuildFile section */
		850EBAA124A34ABC00BEBE03 /* AppDelegate.swift in Sources */ = {isa = PBXBuildFile; fileRef = 850EBAA024A34ABC00BEBE03 /* AppDelegate.swift */; };
		850EBAA324A34ABC00BEBE03 /* ViewController.swift in Sources */ = {isa = PBXBuildFile; fileRef = 850EBAA224A34ABC00BEBE03 /* ViewController.swift */; };
		850EBAA524A34ABE00BEBE03 /* Assets.xcassets in Resources */ = {isa = PBXBuildFile; fileRef = 850EBAA424A34ABE00BEBE03 /* Assets.xcassets */; };
		850EBAA824A34ABE00BEBE03 /* Main.storyboard in Resources */ = {isa = PBXBuildFile; fileRef = 850EBAA624A34ABE00BEBE03 /* Main.storyboard */; };
		850EBAD324A3570000BEBE03 /* GameScene.swift in Sources */ = {isa = PBXBuildFile; fileRef = 850EBAD224A3570000BEBE03 /* GameScene.swift */; };
		850EBAD624A35CF000BEBE03 /* sprite.atlas in Resources */ = {isa = PBXBuildFile; fileRef = 850EBAD524A35CF000BEBE03 /* sprite.atlas */; };
/* End PBXBuildFile section */

/* Begin PBXFileReference section */
		850EBA9D24A34ABC00BEBE03 /* Helltaker Sticker.app */ = {isa = PBXFileReference; explicitFileType = wrapper.application; includeInIndex = 0; path = "Helltaker Sticker.app"; sourceTree = BUILT_PRODUCTS_DIR; };
		850EBAA024A34ABC00BEBE03 /* AppDelegate.swift */ = {isa = PBXFileReference; lastKnownFileType = sourcecode.swift; path = AppDelegate.swift; sourceTree = "<group>"; };
		850EBAA224A34ABC00BEBE03 /* ViewController.swift */ = {isa = PBXFileReference; lastKnownFileType = sourcecode.swift; path = ViewController.swift; sourceTree = "<group>"; };
		850EBAA424A34ABE00BEBE03 /* Assets.xcassets */ = {isa = PBXFileReference; lastKnownFileType = folder.assetcatalog; path = Assets.xcassets; sourceTree = "<group>"; };
		850EBAA724A34ABE00BEBE03 /* Base */ = {isa = PBXFileReference; lastKnownFileType = file.storyboard; name = Base; path = Base.lproj/Main.storyboard; sourceTree = "<group>"; };
		850EBAA924A34ABE00BEBE03 /* Info.plist */ = {isa = PBXFileReference; lastKnownFileType = text.plist.xml; path = Info.plist; sourceTree = "<group>"; };
		850EBAAA24A34ABE00BEBE03 /* Helltaker_Sticker.entitlements */ = {isa = PBXFileReference; lastKnownFileType = text.plist.entitlements; path = Helltaker_Sticker.entitlements; sourceTree = "<group>"; };
		850EBAD224A3570000BEBE03 /* GameScene.swift */ = {isa = PBXFileReference; lastKnownFileType = sourcecode.swift; path = GameScene.swift; sourceTree = "<group>"; };
		850EBAD524A35CF000BEBE03 /* sprite.atlas */ = {isa = PBXFileReference; lastKnownFileType = folder.skatlas; path = sprite.atlas; sourceTree = "<group>"; };
/* End PBXFileReference section */

/* Begin PBXFrameworksBuildPhase section */
		850EBA9A24A34ABC00BEBE03 /* Frameworks */ = {
			isa = PBXFrameworksBuildPhase;
			buildActionMask = 2147483647;
			files = (
			);
			runOnlyForDeploymentPostprocessing = 0;
		};
/* End PBXFrameworksBuildPhase section */

/* Begin PBXGroup section */
		850EBA9424A34ABC00BEBE03 = {
			isa = PBXGroup;
			children = (
				850EBA9F24A34ABC00BEBE03 /* Helltaker Sticker */,
				850EBA9E24A34ABC00BEBE03 /* Products */,
			);
			sourceTree = "<group>";
		};
		850EBA9E24A34ABC00BEBE03 /* Products */ = {
			isa = PBXGroup;
			children = (
				850EBA9D24A34ABC00BEBE03 /* Helltaker Sticker.app */,
			);
			name = Products;
			sourceTree = "<group>";
		};
		850EBA9F24A34ABC00BEBE03 /* Helltaker Sticker */ = {
			isa = PBXGroup;
			children = (
				850EBAD524A35CF000BEBE03 /* sprite.atlas */,
				850EBAA024A34ABC00BEBE03 /* AppDelegate.swift */,
				850EBAA224A34ABC00BEBE03 /* ViewController.swift */,
				850EBAD224A3570000BEBE03 /* GameScene.swift */,
				850EBAA424A34ABE00BEBE03 /* Assets.xcassets */,
				850EBAA624A34ABE00BEBE03 /* Main.storyboard */,
				850EBAA924A34ABE00BEBE03 /* Info.plist */,
				850EBAAA24A34ABE00BEBE03 /* Helltaker_Sticker.entitlements */,
			);
			path = "Helltaker Sticker";
			sourceTree = "<group>";
		};
/* End PBXGroup section */

/* Begin PBXNativeTarget section */
		850EBA9C24A34ABC00BEBE03 /* Helltaker Sticker */ = {
			isa = PBXNativeTarget;
			buildConfigurationList = 850EBAAD24A34ABE00BEBE03 /* Build configuration list for PBXNativeTarget "Helltaker Sticker" */;
			buildPhases = (
				850EBA9924A34ABC00BEBE03 /* Sources */,
				850EBA9A24A34ABC00BEBE03 /* Frameworks */,
				850EBA9B24A34ABC00BEBE03 /* Resources */,
			);
			buildRules = (
			);
			dependencies = (
			);
			name = "Helltaker Sticker";
			productName = "Helltaker Sticker";
			productReference = 850EBA9D24A34ABC00BEBE03 /* Helltaker Sticker.app */;
			productType = "com.apple.product-type.application";
		};
/* End PBXNativeTarget section */

/* Begin PBXProject section */
		850EBA9524A34ABC00BEBE03 /* Project object */ = {
			isa = PBXProject;
			attributes = {
				LastSwiftUpdateCheck = 1200;
				LastUpgradeCheck = 1200;
				TargetAttributes = {
					850EBA9C24A34ABC00BEBE03 = {
						CreatedOnToolsVersion = 12.0;
					};
				};
			};
			buildConfigurationList = 850EBA9824A34ABC00BEBE03 /* Build configuration list for PBXProject "Helltaker Sticker" */;
			compatibilityVersion = "Xcode 9.3";
			developmentRegion = en;
			hasScannedForEncodings = 0;
			knownRegions = (
				en,
				Base,
			);
			mainGroup = 850EBA9424A34ABC00BEBE03;
			productRefGroup = 850EBA9E24A34ABC00BEBE03 /* Products */;
			projectDirPath = "";
			projectRoot = "";
			targets = (
				850EBA9C24A34ABC00BEBE03 /* Helltaker Sticker */,
			);
		};
/* End PBXProject section */

/* Begin PBXResourcesBuildPhase section */
		850EBA9B24A34ABC00BEBE03 /* Resources */ = {
			isa = PBXResourcesBuildPhase;
			buildActionMask = 2147483647;
			files = (
				850EBAA524A34ABE00BEBE03 /* Assets.xcassets in Resources */,
				850EBAD624A35CF000BEBE03 /* sprite.atlas in Resources */,
				850EBAA824A34ABE00BEBE03 /* Main.storyboard in Resources */,
			);
			runOnlyForDeploymentPostprocessing = 0;
		};
/* End PBXResourcesBuildPhase section */

/* Begin PBXSourcesBuildPhase section */
		850EBA9924A34ABC00BEBE03 /* Sources */ = {
			isa = PBXSourcesBuildPhase;
			buildActionMask = 2147483647;
			files = (
				850EBAD324A3570000BEBE03 /* GameScene.swift in Sources */,
				850EBAA324A34ABC00BEBE03 /* ViewController.swift in Sources */,
				850EBAA124A34ABC00BEBE03 /* AppDelegate.swift in Sources */,
			);
			runOnlyForDeploymentPostprocessing = 0;
		};
/* End PBXSourcesBuildPhase section */

/* Begin PBXVariantGroup section */
		850EBAA624A34ABE00BEBE03 /* Main.storyboard */ = {
			isa = PBXVariantGroup;
			children = (
				850EBAA724A34ABE00BEBE03 /* Base */,
			);
			name = Main.storyboard;
			sourceTree = "<group>";
		};
/* End PBXVariantGroup section */

/* Begin XCBuildConfiguration section */
		850EBAAB24A34ABE00BEBE03 /* Debug */ = {
			isa = XCBuildConfiguration;
			buildSettings = {
				ALWAYS_SEARCH_USER_PATHS = NO;
				CLANG_ANALYZER_NONNULL = YES;
				CLANG_ANALYZER_NUMBER_OBJECT_CONVERSION = YES_AGGRESSIVE;
				CLANG_CXX_LANGUAGE_STANDARD = "gnu++14";
				CLANG_CXX_LIBRARY = "libc++";
				CLANG_ENABLE_MODULES = YES;
				CLANG_ENABLE_OBJC_ARC = YES;
				CLANG_ENABLE_OBJC_WEAK = YES;
				CLANG_WARN_BLOCK_CAPTURE_AUTORELEASING = YES;
				CLANG_WARN_BOOL_CONVERSION = YES;
				CLANG_WARN_COMMA = YES;
				CLANG_WARN_CONSTANT_CONVERSION = YES;
				CLANG_WARN_DEPRECATED_OBJC_IMPLEMENTATIONS = YES;
				CLANG_WARN_DIRECT_OBJC_ISA_USAGE = YES_ERROR;
				CLANG_WARN_DOCUMENTATION_COMMENTS = YES;
				CLANG_WARN_EMPTY_BODY = YES;
				CLANG_WARN_ENUM_CONVERSION = YES;
				CLANG_WARN_INFINITE_RECURSION = YES;
				CLANG_WARN_INT_CONVERSION = YES;
				CLANG_WARN_NON_LITERAL_NULL_CONVERSION = YES;
				CLANG_WARN_OBJC_IMPLICIT_RETAIN_SELF = YES;
				CLANG_WARN_OBJC_LITERAL_CONVERSION = YES;
				CLANG_WARN_OBJC_ROOT_CLASS = YES_ERROR;
				CLANG_WARN_QUOTED_INCLUDE_IN_FRAMEWORK_HEADER = YES;
				CLANG_WARN_RANGE_LOOP_ANALYSIS = YES;
				CLANG_WARN_STRICT_PROTOTYPES = YES;
				CLANG_WARN_SUSPICIOUS_MOVE = YES;
				CLANG_WARN_UNGUARDED_AVAILABILITY = YES_AGGRESSIVE;
				CLANG_WARN_UNREACHABLE_CODE = YES;
				CLANG_WARN__DUPLICATE_METHOD_MATCH = YES;
				COPY_PHASE_STRIP = NO;
				DEBUG_INFORMATION_FORMAT = dwarf;
				ENABLE_STRICT_OBJC_MSGSEND = YES;
				ENABLE_TESTABILITY = YES;
				GCC_C_LANGUAGE_STANDARD = gnu11;
				GCC_DYNAMIC_NO_PIC = NO;
				GCC_NO_COMMON_BLOCKS = YES;
				GCC_OPTIMIZATION_LEVEL = 0;
				GCC_PREPROCESSOR_DEFINITIONS = (
					"DEBUG=1",
					"$(inherited)",
				);
				GCC_WARN_64_TO_32_BIT_CONVERSION = YES;
				GCC_WARN_ABOUT_RETURN_TYPE = YES_ERROR;
				GCC_WARN_UNDECLARED_SELECTOR = YES;
				GCC_WARN_UNINITIALIZED_AUTOS = YES_AGGRESSIVE;
				GCC_WARN_UNUSED_FUNCTION = YES;
				GCC_WARN_UNUSED_VARIABLE = YES;
				MACOSX_DEPLOYMENT_TARGET = 10.15;
				MTL_ENABLE_DEBUG_INFO = INCLUDE_SOURCE;
				MTL_FAST_MATH = YES;
				ONLY_ACTIVE_ARCH = YES;
				SDKROOT = macosx;
				SWIFT_ACTIVE_COMPILATION_CONDITIONS = DEBUG;
				SWIFT_OPTIMIZATION_LEVEL = "-Onone";
			};
			name = Debug;
		};
		850EBAAC24A34ABE00BEBE03 /* Release */ = {
			isa = XCBuildConfiguration;
			buildSettings = {
				ALWAYS_SEARCH_USER_PATHS = NO;
				CLANG_ANALYZER_NONNULL = YES;
				CLANG_ANALYZER_NUMBER_OBJECT_CONVERSION = YES_AGGRESSIVE;
				CLANG_CXX_LANGUAGE_STANDARD = "gnu++14";
				CLANG_CXX_LIBRARY = "libc++";
				CLANG_ENABLE_MODULES = YES;
				CLANG_ENABLE_OBJC_ARC = YES;
				CLANG_ENABLE_OBJC_WEAK = YES;
				CLANG_WARN_BLOCK_CAPTURE_AUTORELEASING = YES;
				CLANG_WARN_BOOL_CONVERSION = YES;
				CLANG_WARN_COMMA = YES;
				CLANG_WARN_CONSTANT_CONVERSION = YES;
				CLANG_WARN_DEPRECATED_OBJC_IMPLEMENTATIONS = YES;
				CLANG_WARN_DIRECT_OBJC_ISA_USAGE = YES_ERROR;
				CLANG_WARN_DOCUMENTATION_COMMENTS = YES;
				CLANG_WARN_EMPTY_BODY = YES;
				CLANG_WARN_ENUM_CONVERSION = YES;
				CLANG_WARN_INFINITE_RECURSION = YES;
				CLANG_WARN_INT_CONVERSION = YES;
				CLANG_WARN_NON_LITERAL_NULL_CONVERSION = YES;
				CLANG_WARN_OBJC_IMPLICIT_RETAIN_SELF = YES;
				CLANG_WARN_OBJC_LITERAL_CONVERSION = YES;
				CLANG_WARN_OBJC_ROOT_CLASS = YES_ERROR;
				CLANG_WARN_QUOTED_INCLUDE_IN_FRAMEWORK_HEADER = YES;
				CLANG_WARN_RANGE_LOOP_ANALYSIS = YES;
				CLANG_WARN_STRICT_PROTOTYPES = YES;
				CLANG_WARN_SUSPICIOUS_MOVE = YES;
				CLANG_WARN_UNGUARDED_AVAILABILITY = YES_AGGRESSIVE;
				CLANG_WARN_UNREACHABLE_CODE = YES;
				CLANG_WARN__DUPLICATE_METHOD_MATCH = YES;
				COPY_PHASE_STRIP = NO;
				DEBUG_INFORMATION_FORMAT = "dwarf-with-dsym";
				ENABLE_NS_ASSERTIONS = NO;
				ENABLE_STRICT_OBJC_MSGSEND = YES;
				GCC_C_LANGUAGE_STANDARD = gnu11;
				GCC_NO_COMMON_BLOCKS = YES;
				GCC_WARN_64_TO_32_BIT_CONVERSION = YES;
				GCC_WARN_ABOUT_RETURN_TYPE = YES_ERROR;
				GCC_WARN_UNDECLARED_SELECTOR = YES;
				GCC_WARN_UNINITIALIZED_AUTOS = YES_AGGRESSIVE;
				GCC_WARN_UNUSED_FUNCTION = YES;
				GCC_WARN_UNUSED_VARIABLE = YES;
				MACOSX_DEPLOYMENT_TARGET = 10.15;
				MTL_ENABLE_DEBUG_INFO = NO;
				MTL_FAST_MATH = YES;
				SDKROOT = macosx;
				SWIFT_COMPILATION_MODE = wholemodule;
				SWIFT_OPTIMIZATION_LEVEL = "-O";
			};
			name = Release;
		};
		850EBAAE24A34ABE00BEBE03 /* Debug */ = {
			isa = XCBuildConfiguration;
			buildSettings = {
				ASSETCATALOG_COMPILER_APPICON_NAME = AppIcon;
				ASSETCATALOG_COMPILER_GLOBAL_ACCENT_COLOR_NAME = AccentColor;
				CODE_SIGN_ENTITLEMENTS = "Helltaker Sticker/Helltaker_Sticker.entitlements";
				CODE_SIGN_STYLE = Automatic;
				COMBINE_HIDPI_IMAGES = YES;
				DEVELOPMENT_TEAM = 96QTZGRMR9;
				ENABLE_HARDENED_RUNTIME = YES;
				INFOPLIST_FILE = "Helltaker Sticker/Info.plist";
				LD_RUNPATH_SEARCH_PATHS = (
					"$(inherited)",
					"@executable_path/../Frameworks",
				);
				MACOSX_DEPLOYMENT_TARGET = 10.14;
				PRODUCT_BUNDLE_IDENTIFIER = "com.pncss.Helltaker-Sticker";
				PRODUCT_NAME = "$(TARGET_NAME)";
				SWIFT_VERSION = 5.0;
			};
			name = Debug;
		};
		850EBAAF24A34ABE00BEBE03 /* Release */ = {
			isa = XCBuildConfiguration;
			buildSettings = {
				ASSETCATALOG_COMPILER_APPICON_NAME = AppIcon;
				ASSETCATALOG_COMPILER_GLOBAL_ACCENT_COLOR_NAME = AccentColor;
				CODE_SIGN_ENTITLEMENTS = "Helltaker Sticker/Helltaker_Sticker.entitlements";
				CODE_SIGN_STYLE = Automatic;
				COMBINE_HIDPI_IMAGES = YES;
				DEVELOPMENT_TEAM = 96QTZGRMR9;
				ENABLE_HARDENED_RUNTIME = YES;
				INFOPLIST_FILE = "Helltaker Sticker/Info.plist";
				LD_RUNPATH_SEARCH_PATHS = (
					"$(inherited)",
					"@executable_path/../Frameworks",
				);
				MACOSX_DEPLOYMENT_TARGET = 10.14;
				PRODUCT_BUNDLE_IDENTIFIER = "com.pncss.Helltaker-Sticker";
				PRODUCT_NAME = "$(TARGET_NAME)";
				SWIFT_VERSION = 5.0;
			};
			name = Release;
		};
/* End XCBuildConfiguration section */

/* Begin XCConfigurationList section */
		850EBA9824A34ABC00BEBE03 /* Build configuration list for PBXProject "Helltaker Sticker" */ = {
			isa = XCConfigurationList;
			buildConfigurations = (
				850EBAAB24A34ABE00BEBE03 /* Debug */,
				850EBAAC24A34ABE00BEBE03 /* Release */,
			);
			defaultConfigurationIsVisible = 0;
			defaultConfigurationName = Release;
		};
		850EBAAD24A34ABE00BEBE03 /* Build configuration list for PBXNativeTarget "Helltaker Sticker" */ = {
			isa = XCConfigurationList;
			buildConfigurations = (
				850EBAAE24A34ABE00BEBE03 /* Debug */,
				850EBAAF24A34ABE00BEBE03 /* Release */,
			);
			defaultConfigurationIsVisible = 0;
			defaultConfigurationName = Release;
		};
/* End XCConfigurationList section */
	};
	rootObject = 850EBA9524A34ABC00BEBE03 /* Project object */;
}
